%{"bbmustache": {:hex, :bbmustache, "1.0.4"},
  "certifi": {:hex, :certifi, "0.4.0"},
  "cf": {:hex, :cf, "0.2.1"},
  "combine": {:hex, :combine, "0.7.0"},
  "erlware_commons": {:hex, :erlware_commons, "0.19.0"},
  "exjsx": {:hex, :exjsx, "3.2.0"},
  "exrm": {:hex, :exrm, "1.0.3"},
  "getopt": {:hex, :getopt, "0.8.2"},
  "gettext": {:hex, :gettext, "0.11.0"},
  "hackney": {:hex, :hackney, "1.6.0"},
  "httpoison": {:hex, :httpoison, "0.8.3"},
  "idna": {:hex, :idna, "1.2.0"},
  "jsx": {:hex, :jsx, "2.6.2"},
  "metrics": {:hex, :metrics, "1.0.1"},
  "mimerl": {:hex, :mimerl, "1.0.2"},
  "providers": {:hex, :providers, "1.6.0"},
  "relx": {:hex, :relx, "3.19.0"},
  "ssl_verify_fun": {:hex, :ssl_verify_fun, "1.1.0"},
  "tentacat": {:git, "https://github.com/zhongwencool/tentacat.git", "a6c177f8038aa0470524b7367cb09c8631f76273", [branch: "master"]},
  "timex": {:hex, :timex, "2.1.4"},
  "tzdata": {:hex, :tzdata, "0.5.7"}}
